
Microsoft Visual Studio Solution File, Format Version 12.00
# Visual Studio Version 16
VisualStudioVersion = 16.0.31112.23
MinimumVisualStudioVersion = 10.0.40219.1
Project("{FAE04EC0-301F-11D3-BF4B-00C04F79EFBC}") = "Git Test", "Git Test\Git Test.csproj", "{4980F0F4-2560-41BE-A482-5F18F036CD19}"
EndProject
Global
	GlobalSection(SolutionConfigurationPlatforms) = preSolution
		Debug|Any CPU = Debug|Any CPU
		Release|Any CPU = Release|Any CPU
	EndGlobalSection
	GlobalSection(ProjectConfigurationPlatforms) = postSolution
		{4980F0F4-2560-41BE-A482-5F18F036CD19}.Debug|Any CPU.ActiveCfg = Debug|Any CPU
		{4980F0F4-2560-41BE-A482-5F18F036CD19}.Debug|Any CPU.Build.0 = Debug|Any CPU
		{4980F0F4-2560-41BE-A482-5F18F036CD19}.Release|Any CPU.ActiveCfg = Release|Any CPU
		{4980F0F4-2560-41BE-A482-5F18F036CD19}.Release|Any CPU.Build.0 = Release|Any CPU
	EndGlobalSection
	GlobalSection(SolutionProperties) = preSolution
		HideSolutionNode = FALSE
	EndGlobalSection
	GlobalSection(ExtensibilityGlobals) = postSolution
		SolutionGuid = {CBFBEA18-3777-45DD-8DF7-C22F33EF21C8}
	EndGlobalSection
EndGlobal
